
Microsoft Visual Studio Solution File, Format Version 12.00
# Visual Studio Version 17
VisualStudioVersion = 17.3.32922.545
MinimumVisualStudioVersion = 10.0.40219.1
Project("{9A19103F-16F7-4668-BE54-9A1E7A4F7556}") = "SlipeServer.Resources.NoClip", "SlipeServer.Resource.NoClip\SlipeServer.Resources.NoClip.csproj", "{A445F727-5896-4CC2-AA65-C8C01230F1DB}"
EndProject
Project("{2150E333-8FDC-42A3-9474-1A3956D46DE8}") = "Solution Items", "Solution Items", "{732DDF1E-3C3B-4DED-B9FD-4624EDAA787E}"
	ProjectSection(SolutionItems) = preProject
		azure-pipelines.yml = azure-pipelines.yml
	EndProjectSection
EndProject
Project("{9A19103F-16F7-4668-BE54-9A1E7A4F7556}") = "SlipeServer.Resources.Parachute", "SlipeServer.Resources.Parachute\SlipeServer.Resources.Parachute.csproj", "{C66EC74D-3FEA-4283-A28A-18A95B443BAC}"
EndProject
Project("{9A19103F-16F7-4668-BE54-9A1E7A4F7556}") = "SlipeServer.Resources.Base", "SlipeServer.Resources.Base\SlipeServer.Resources.Base.csproj", "{2E958388-2EE0-415B-A215-51DCA5E61647}"
EndProject
Project("{2150E333-8FDC-42A3-9474-1A3956D46DE8}") = "Example", "Example", "{D5E15915-01EF-4788-B86C-553E5D2E38BE}"
EndProject
Project("{9A19103F-16F7-4668-BE54-9A1E7A4F7556}") = "SlipeServer.Console", "SlipeServer.Console\SlipeServer.Console.csproj", "{73074375-1EEA-4623-A837-E9F6611560A0}"
EndProject
Project("{9A19103F-16F7-4668-BE54-9A1E7A4F7556}") = "SlipeServer.Resources.DGS", "SlipeServer.Resources.DGS\SlipeServer.Resources.DGS.csproj", "{E32AF860-E26A-4545-9378-EEC6177EE3B5}"
EndProject
Project("{9A19103F-16F7-4668-BE54-9A1E7A4F7556}") = "SlipeServer.Resources.Text3d", "SlipeServer.Resources.Text3d\SlipeServer.Resources.Text3d.csproj", "{297E21EF-A558-459D-AAE7-19BF099C4F8D}"
EndProject
Project("{9A19103F-16F7-4668-BE54-9A1E7A4F7556}") = "SlipeServer.Resources.Reload", "SlipeServer.Resources.Reload\SlipeServer.Resources.Reload.csproj", "{FCAFDF93-D94B-4907-8E2C-9A73603C30E1}"
EndProject
Project("{9A19103F-16F7-4668-BE54-9A1E7A4F7556}") = "SlipeServer.Resources.Watermark", "SlipeServer.Resources.Watermark\SlipeServer.Resources.Watermark.csproj", "{F585724A-F07F-4FC5-94BD-E5911573C7C8}"
EndProject
Project("{9A19103F-16F7-4668-BE54-9A1E7A4F7556}") = "SlipeServer.Resources.BoneAttach", "SlipeServer.Resources.BoneAttach\SlipeServer.Resources.BoneAttach.csproj", "{F32A31EB-4F57-4689-B624-1729914EC25E}"
EndProject
Project("{9A19103F-16F7-4668-BE54-9A1E7A4F7556}") = "SlipeServer.Resources.PedIntelligence", "SlipeServer.Resources.PedIntelligence\SlipeServer.Resources.PedIntelligence.csproj", "{64919DFD-A30F-4BEE-B9A1-E56F7FFB22AD}"
EndProject
Project("{9A19103F-16F7-4668-BE54-9A1E7A4F7556}") = "SlipeServer.Resources.Scoreboard", "SlipeServer.Resource.Scoreboard\SlipeServer.Resources.Scoreboard.csproj", "{5B1C0938-06BA-4F6C-8634-8FA33F875154}"
EndProject
Project("{FAE04EC0-301F-11D3-BF4B-00C04F79EFBC}") = "SlipeServer.Resources.ClientElements", "SlipeServer.Resources.ClientElements\SlipeServer.Resources.ClientElements.csproj", "{72FBB8E1-4F65-4B09-8C11-DE16B733FA48}"
EndProject
Global
	GlobalSection(SolutionConfigurationPlatforms) = preSolution
		Debug|Any CPU = Debug|Any CPU
		Release|Any CPU = Release|Any CPU
	EndGlobalSection
	GlobalSection(ProjectConfigurationPlatforms) = postSolution
		{A445F727-5896-4CC2-AA65-C8C01230F1DB}.Debug|Any CPU.ActiveCfg = Debug|Any CPU
		{A445F727-5896-4CC2-AA65-C8C01230F1DB}.Debug|Any CPU.Build.0 = Debug|Any CPU
		{A445F727-5896-4CC2-AA65-C8C01230F1DB}.Release|Any CPU.ActiveCfg = Release|Any CPU
		{A445F727-5896-4CC2-AA65-C8C01230F1DB}.Release|Any CPU.Build.0 = Release|Any CPU
		{C66EC74D-3FEA-4283-A28A-18A95B443BAC}.Debug|Any CPU.ActiveCfg = Debug|Any CPU
		{C66EC74D-3FEA-4283-A28A-18A95B443BAC}.Debug|Any CPU.Build.0 = Debug|Any CPU
		{C66EC74D-3FEA-4283-A28A-18A95B443BAC}.Release|Any CPU.ActiveCfg = Release|Any CPU
		{C66EC74D-3FEA-4283-A28A-18A95B443BAC}.Release|Any CPU.Build.0 = Release|Any CPU
		{2E958388-2EE0-415B-A215-51DCA5E61647}.Debug|Any CPU.ActiveCfg = Debug|Any CPU
		{2E958388-2EE0-415B-A215-51DCA5E61647}.Debug|Any CPU.Build.0 = Debug|Any CPU
		{2E958388-2EE0-415B-A215-51DCA5E61647}.Release|Any CPU.ActiveCfg = Release|Any CPU
		{2E958388-2EE0-415B-A215-51DCA5E61647}.Release|Any CPU.Build.0 = Release|Any CPU
		{73074375-1EEA-4623-A837-E9F6611560A0}.Debug|Any CPU.ActiveCfg = Debug|Any CPU
		{73074375-1EEA-4623-A837-E9F6611560A0}.Debug|Any CPU.Build.0 = Debug|Any CPU
		{73074375-1EEA-4623-A837-E9F6611560A0}.Release|Any CPU.ActiveCfg = Release|Any CPU
		{73074375-1EEA-4623-A837-E9F6611560A0}.Release|Any CPU.Build.0 = Release|Any CPU
		{E32AF860-E26A-4545-9378-EEC6177EE3B5}.Debug|Any CPU.ActiveCfg = Debug|Any CPU
		{E32AF860-E26A-4545-9378-EEC6177EE3B5}.Debug|Any CPU.Build.0 = Debug|Any CPU
		{E32AF860-E26A-4545-9378-EEC6177EE3B5}.Release|Any CPU.ActiveCfg = Release|Any CPU
		{E32AF860-E26A-4545-9378-EEC6177EE3B5}.Release|Any CPU.Build.0 = Release|Any CPU
		{297E21EF-A558-459D-AAE7-19BF099C4F8D}.Debug|Any CPU.ActiveCfg = Debug|Any CPU
		{297E21EF-A558-459D-AAE7-19BF099C4F8D}.Debug|Any CPU.Build.0 = Debug|Any CPU
		{297E21EF-A558-459D-AAE7-19BF099C4F8D}.Release|Any CPU.ActiveCfg = Release|Any CPU
		{297E21EF-A558-459D-AAE7-19BF099C4F8D}.Release|Any CPU.Build.0 = Release|Any CPU
		{FCAFDF93-D94B-4907-8E2C-9A73603C30E1}.Debug|Any CPU.ActiveCfg = Debug|Any CPU
		{FCAFDF93-D94B-4907-8E2C-9A73603C30E1}.Debug|Any CPU.Build.0 = Debug|Any CPU
		{FCAFDF93-D94B-4907-8E2C-9A73603C30E1}.Release|Any CPU.ActiveCfg = Release|Any CPU
		{FCAFDF93-D94B-4907-8E2C-9A73603C30E1}.Release|Any CPU.Build.0 = Release|Any CPU
		{F585724A-F07F-4FC5-94BD-E5911573C7C8}.Debug|Any CPU.ActiveCfg = Debug|Any CPU
		{F585724A-F07F-4FC5-94BD-E5911573C7C8}.Debug|Any CPU.Build.0 = Debug|Any CPU
		{F585724A-F07F-4FC5-94BD-E5911573C7C8}.Release|Any CPU.ActiveCfg = Release|Any CPU
		{F585724A-F07F-4FC5-94BD-E5911573C7C8}.Release|Any CPU.Build.0 = Release|Any CPU
		{F32A31EB-4F57-4689-B624-1729914EC25E}.Debug|Any CPU.ActiveCfg = Debug|Any CPU
		{F32A31EB-4F57-4689-B624-1729914EC25E}.Debug|Any CPU.Build.0 = Debug|Any CPU
		{F32A31EB-4F57-4689-B624-1729914EC25E}.Release|Any CPU.ActiveCfg = Release|Any CPU
		{F32A31EB-4F57-4689-B624-1729914EC25E}.Release|Any CPU.Build.0 = Release|Any CPU
		{64919DFD-A30F-4BEE-B9A1-E56F7FFB22AD}.Debug|Any CPU.ActiveCfg = Debug|Any CPU
		{64919DFD-A30F-4BEE-B9A1-E56F7FFB22AD}.Debug|Any CPU.Build.0 = Debug|Any CPU
		{64919DFD-A30F-4BEE-B9A1-E56F7FFB22AD}.Release|Any CPU.ActiveCfg = Release|Any CPU
		{64919DFD-A30F-4BEE-B9A1-E56F7FFB22AD}.Release|Any CPU.Build.0 = Release|Any CPU
		{5B1C0938-06BA-4F6C-8634-8FA33F875154}.Debug|Any CPU.ActiveCfg = Debug|Any CPU
		{5B1C0938-06BA-4F6C-8634-8FA33F875154}.Debug|Any CPU.Build.0 = Debug|Any CPU
		{5B1C0938-06BA-4F6C-8634-8FA33F875154}.Release|Any CPU.ActiveCfg = Release|Any CPU
		{5B1C0938-06BA-4F6C-8634-8FA33F875154}.Release|Any CPU.Build.0 = Release|Any CPU
		{72FBB8E1-4F65-4B09-8C11-DE16B733FA48}.Debug|Any CPU.ActiveCfg = Debug|Any CPU
		{72FBB8E1-4F65-4B09-8C11-DE16B733FA48}.Debug|Any CPU.Build.0 = Debug|Any CPU
		{72FBB8E1-4F65-4B09-8C11-DE16B733FA48}.Release|Any CPU.ActiveCfg = Release|Any CPU
		{72FBB8E1-4F65-4B09-8C11-DE16B733FA48}.Release|Any CPU.Build.0 = Release|Any CPU
	EndGlobalSection
	GlobalSection(SolutionProperties) = preSolution
		HideSolutionNode = FALSE
	EndGlobalSection
	GlobalSection(NestedProjects) = preSolution
		{73074375-1EEA-4623-A837-E9F6611560A0} = {D5E15915-01EF-4788-B86C-553E5D2E38BE}
	EndGlobalSection
	GlobalSection(ExtensibilityGlobals) = postSolution
		SolutionGuid = {196C088E-6B92-4C98-91FC-B273EA757082}
	EndGlobalSection
EndGlobal
